
Microsoft Visual Studio Solution File, Format Version 12.00
# Visual Studio Version 16
VisualStudioVersion = 16.0.29709.97
MinimumVisualStudioVersion = 10.0.40219.1
Project("{FAE04EC0-301F-11D3-BF4B-00C04F79EFBC}") = "Inlämning 3 VG-uppgiften", "Inlämning 3 VG-uppgiften\Inlämning 3 VG-uppgiften.csproj", "{FC583180-2753-4D96-8176-2BAEDFEBAA7C}"
EndProject
Global
	GlobalSection(SolutionConfigurationPlatforms) = preSolution
		Debug|Any CPU = Debug|Any CPU
		Release|Any CPU = Release|Any CPU
	EndGlobalSection
	GlobalSection(ProjectConfigurationPlatforms) = postSolution
		{FC583180-2753-4D96-8176-2BAEDFEBAA7C}.Debug|Any CPU.ActiveCfg = Debug|Any CPU
		{FC583180-2753-4D96-8176-2BAEDFEBAA7C}.Debug|Any CPU.Build.0 = Debug|Any CPU
		{FC583180-2753-4D96-8176-2BAEDFEBAA7C}.Release|Any CPU.ActiveCfg = Release|Any CPU
		{FC583180-2753-4D96-8176-2BAEDFEBAA7C}.Release|Any CPU.Build.0 = Release|Any CPU
	EndGlobalSection
	GlobalSection(SolutionProperties) = preSolution
		HideSolutionNode = FALSE
	EndGlobalSection
	GlobalSection(ExtensibilityGlobals) = postSolution
		SolutionGuid = {170204FB-A1EE-42B4-9A2C-3DE762A6FCA7}
	EndGlobalSection
EndGlobal
